
Microsoft Visual Studio Solution File, Format Version 12.00
# Visual Studio Version 16
VisualStudioVersion = 16.0.28803.452
MinimumVisualStudioVersion = 10.0.40219.1
Project("{9A19103F-16F7-4668-BE54-9A1E7A4F7556}") = "SkdAPI", "SkdRefSiteAPI\SkdAPI.csproj", "{C560C022-5505-4BC3-8DA8-00692553F43E}"
EndProject
Project("{9A19103F-16F7-4668-BE54-9A1E7A4F7556}") = "SkdAPI.RefSite.DAO", "SkdRefSiteAPI.DAO\SkdAPI.RefSite.DAO.csproj", "{F6C7FC8E-68B7-4201-9707-F4092C94BAAB}"
EndProject
Project("{FAE04EC0-301F-11D3-BF4B-00C04F79EFBC}") = "SkdAPI.ArtCrit.DAO", "Critique.DAO\SkdAPI.ArtCrit.DAO.csproj", "{5C81833A-883A-4D2C-89BE-D9DD05CFBE0D}"
EndProject
Project("{FAE04EC0-301F-11D3-BF4B-00C04F79EFBC}") = "SkdAPI.Common", "SkdAPI.Common\SkdAPI.Common.csproj", "{60703A83-B3BB-4F36-B14A-36DE4B451FBE}"
EndProject
Global
	GlobalSection(SolutionConfigurationPlatforms) = preSolution
		Debug|Any CPU = Debug|Any CPU
		Release|Any CPU = Release|Any CPU
	EndGlobalSection
	GlobalSection(ProjectConfigurationPlatforms) = postSolution
		{C560C022-5505-4BC3-8DA8-00692553F43E}.Debug|Any CPU.ActiveCfg = Debug|Any CPU
		{C560C022-5505-4BC3-8DA8-00692553F43E}.Debug|Any CPU.Build.0 = Debug|Any CPU
		{C560C022-5505-4BC3-8DA8-00692553F43E}.Release|Any CPU.ActiveCfg = Release|Any CPU
		{C560C022-5505-4BC3-8DA8-00692553F43E}.Release|Any CPU.Build.0 = Release|Any CPU
		{F6C7FC8E-68B7-4201-9707-F4092C94BAAB}.Debug|Any CPU.ActiveCfg = Debug|Any CPU
		{F6C7FC8E-68B7-4201-9707-F4092C94BAAB}.Debug|Any CPU.Build.0 = Debug|Any CPU
		{F6C7FC8E-68B7-4201-9707-F4092C94BAAB}.Release|Any CPU.ActiveCfg = Release|Any CPU
		{F6C7FC8E-68B7-4201-9707-F4092C94BAAB}.Release|Any CPU.Build.0 = Release|Any CPU
		{5C81833A-883A-4D2C-89BE-D9DD05CFBE0D}.Debug|Any CPU.ActiveCfg = Debug|Any CPU
		{5C81833A-883A-4D2C-89BE-D9DD05CFBE0D}.Debug|Any CPU.Build.0 = Debug|Any CPU
		{5C81833A-883A-4D2C-89BE-D9DD05CFBE0D}.Release|Any CPU.ActiveCfg = Release|Any CPU
		{5C81833A-883A-4D2C-89BE-D9DD05CFBE0D}.Release|Any CPU.Build.0 = Release|Any CPU
		{60703A83-B3BB-4F36-B14A-36DE4B451FBE}.Debug|Any CPU.ActiveCfg = Debug|Any CPU
		{60703A83-B3BB-4F36-B14A-36DE4B451FBE}.Debug|Any CPU.Build.0 = Debug|Any CPU
		{60703A83-B3BB-4F36-B14A-36DE4B451FBE}.Release|Any CPU.ActiveCfg = Release|Any CPU
		{60703A83-B3BB-4F36-B14A-36DE4B451FBE}.Release|Any CPU.Build.0 = Release|Any CPU
	EndGlobalSection
	GlobalSection(SolutionProperties) = preSolution
		HideSolutionNode = FALSE
	EndGlobalSection
	GlobalSection(ExtensibilityGlobals) = postSolution
		SolutionGuid = {95994822-1130-4B86-ACE8-DDC4626A38B7}
	EndGlobalSection
EndGlobal
